
Microsoft Visual Studio Solution File, Format Version 12.00
# Visual Studio Version 17
VisualStudioVersion = 17.3.32929.385
MinimumVisualStudioVersion = 10.0.40219.1
Project("{FAE04EC0-301F-11D3-BF4B-00C04F79EFBC}") = "Blazor_Server.Web", "Blazor_Server.Web\Blazor_Server.Web.csproj", "{6F350AFA-8686-4196-A8CD-45E20846A07D}"
EndProject
Global
	GlobalSection(SolutionConfigurationPlatforms) = preSolution
		Debug|Any CPU = Debug|Any CPU
		Release|Any CPU = Release|Any CPU
	EndGlobalSection
	GlobalSection(ProjectConfigurationPlatforms) = postSolution
		{6F350AFA-8686-4196-A8CD-45E20846A07D}.Debug|Any CPU.ActiveCfg = Debug|Any CPU
		{6F350AFA-8686-4196-A8CD-45E20846A07D}.Debug|Any CPU.Build.0 = Debug|Any CPU
		{6F350AFA-8686-4196-A8CD-45E20846A07D}.Release|Any CPU.ActiveCfg = Release|Any CPU
		{6F350AFA-8686-4196-A8CD-45E20846A07D}.Release|Any CPU.Build.0 = Release|Any CPU
	EndGlobalSection
	GlobalSection(SolutionProperties) = preSolution
		HideSolutionNode = FALSE
	EndGlobalSection
	GlobalSection(ExtensibilityGlobals) = postSolution
		SolutionGuid = {0A8568CE-4035-49F7-A457-ECC0B8A023E5}
	EndGlobalSection
EndGlobal
